{
  "version": "5",
  "specifiers": {
    "jsr:@danielfroz/slog@0.3.2": "0.3.2"
  },
  "jsr": {
    "@danielfroz/slog@0.3.2": {
      "integrity": "761c37d5d121596b5deb66f3a05fa4b1034e7b65853cc04d7cb1f8e4f8faf7c0"
    }
  },
  "workspace": {
    "dependencies": [
      "jsr:@danielfroz/slog@0.3.2"
    ]
  }
}
